
Microsoft Visual Studio Solution File, Format Version 12.00
# Visual Studio Version 17
VisualStudioVersion = 17.10.35013.160
MinimumVisualStudioVersion = 10.0.40219.1
Project("{FAE04EC0-301F-11D3-BF4B-00C04F79EFBC}") = "SectionSteel", "SectionSteel\SectionSteel.csproj", "{1F33A569-F379-41F8-A1AD-18E45EDED168}"
EndProject
Project("{FAE04EC0-301F-11D3-BF4B-00C04F79EFBC}") = "UnitTest", "UnitTest\UnitTest.csproj", "{F20105C7-C158-4106-9B0C-537CB343387D}"
EndProject
Project("{FAE04EC0-301F-11D3-BF4B-00C04F79EFBC}") = "SectionSteelCalculationTool", "SectionSteelCalculationTool\SectionSteelCalculationTool.csproj", "{FF75C01D-34F3-4990-98A1-CD09EF629FAD}"
EndProject
Project("{FAE04EC0-301F-11D3-BF4B-00C04F79EFBC}") = "MainWindow", "MainWindow\MainWindow.csproj", "{17A49C3B-B9E5-433D-B9E2-9582B3A858EE}"
EndProject
Global
	GlobalSection(SolutionConfigurationPlatforms) = preSolution
		Debug|Any CPU = Debug|Any CPU
		Debug|x64 = Debug|x64
		Debug|x86 = Debug|x86
		Release|Any CPU = Release|Any CPU
		Release|x64 = Release|x64
		Release|x86 = Release|x86
	EndGlobalSection
	GlobalSection(ProjectConfigurationPlatforms) = postSolution
		{1F33A569-F379-41F8-A1AD-18E45EDED168}.Debug|Any CPU.ActiveCfg = Debug|Any CPU
		{1F33A569-F379-41F8-A1AD-18E45EDED168}.Debug|Any CPU.Build.0 = Debug|Any CPU
		{1F33A569-F379-41F8-A1AD-18E45EDED168}.Debug|x64.ActiveCfg = Debug|Any CPU
		{1F33A569-F379-41F8-A1AD-18E45EDED168}.Debug|x64.Build.0 = Debug|Any CPU
		{1F33A569-F379-41F8-A1AD-18E45EDED168}.Debug|x86.ActiveCfg = Debug|Any CPU
		{1F33A569-F379-41F8-A1AD-18E45EDED168}.Debug|x86.Build.0 = Debug|Any CPU
		{1F33A569-F379-41F8-A1AD-18E45EDED168}.Release|Any CPU.ActiveCfg = Release|Any CPU
		{1F33A569-F379-41F8-A1AD-18E45EDED168}.Release|Any CPU.Build.0 = Release|Any CPU
		{1F33A569-F379-41F8-A1AD-18E45EDED168}.Release|x64.ActiveCfg = Release|Any CPU
		{1F33A569-F379-41F8-A1AD-18E45EDED168}.Release|x64.Build.0 = Release|Any CPU
		{1F33A569-F379-41F8-A1AD-18E45EDED168}.Release|x86.ActiveCfg = Release|Any CPU
		{1F33A569-F379-41F8-A1AD-18E45EDED168}.Release|x86.Build.0 = Release|Any CPU
		{F20105C7-C158-4106-9B0C-537CB343387D}.Debug|Any CPU.ActiveCfg = Debug|Any CPU
		{F20105C7-C158-4106-9B0C-537CB343387D}.Debug|Any CPU.Build.0 = Debug|Any CPU
		{F20105C7-C158-4106-9B0C-537CB343387D}.Debug|x64.ActiveCfg = Debug|Any CPU
		{F20105C7-C158-4106-9B0C-537CB343387D}.Debug|x64.Build.0 = Debug|Any CPU
		{F20105C7-C158-4106-9B0C-537CB343387D}.Debug|x86.ActiveCfg = Debug|Any CPU
		{F20105C7-C158-4106-9B0C-537CB343387D}.Debug|x86.Build.0 = Debug|Any CPU
		{F20105C7-C158-4106-9B0C-537CB343387D}.Release|Any CPU.ActiveCfg = Release|Any CPU
		{F20105C7-C158-4106-9B0C-537CB343387D}.Release|Any CPU.Build.0 = Release|Any CPU
		{F20105C7-C158-4106-9B0C-537CB343387D}.Release|x64.ActiveCfg = Release|Any CPU
		{F20105C7-C158-4106-9B0C-537CB343387D}.Release|x64.Build.0 = Release|Any CPU
		{F20105C7-C158-4106-9B0C-537CB343387D}.Release|x86.ActiveCfg = Release|Any CPU
		{F20105C7-C158-4106-9B0C-537CB343387D}.Release|x86.Build.0 = Release|Any CPU
		{FF75C01D-34F3-4990-98A1-CD09EF629FAD}.Debug|Any CPU.ActiveCfg = Debug|Any CPU
		{FF75C01D-34F3-4990-98A1-CD09EF629FAD}.Debug|Any CPU.Build.0 = Debug|Any CPU
		{FF75C01D-34F3-4990-98A1-CD09EF629FAD}.Debug|x64.ActiveCfg = Debug|Any CPU
		{FF75C01D-34F3-4990-98A1-CD09EF629FAD}.Debug|x64.Build.0 = Debug|Any CPU
		{FF75C01D-34F3-4990-98A1-CD09EF629FAD}.Debug|x86.ActiveCfg = Debug|Any CPU
		{FF75C01D-34F3-4990-98A1-CD09EF629FAD}.Debug|x86.Build.0 = Debug|Any CPU
		{FF75C01D-34F3-4990-98A1-CD09EF629FAD}.Release|Any CPU.ActiveCfg = Release|Any CPU
		{FF75C01D-34F3-4990-98A1-CD09EF629FAD}.Release|Any CPU.Build.0 = Release|Any CPU
		{FF75C01D-34F3-4990-98A1-CD09EF629FAD}.Release|x64.ActiveCfg = Release|Any CPU
		{FF75C01D-34F3-4990-98A1-CD09EF629FAD}.Release|x64.Build.0 = Release|Any CPU
		{FF75C01D-34F3-4990-98A1-CD09EF629FAD}.Release|x86.ActiveCfg = Release|Any CPU
		{FF75C01D-34F3-4990-98A1-CD09EF629FAD}.Release|x86.Build.0 = Release|Any CPU
		{17A49C3B-B9E5-433D-B9E2-9582B3A858EE}.Debug|Any CPU.ActiveCfg = Debug|Any CPU
		{17A49C3B-B9E5-433D-B9E2-9582B3A858EE}.Debug|Any CPU.Build.0 = Debug|Any CPU
		{17A49C3B-B9E5-433D-B9E2-9582B3A858EE}.Debug|x64.ActiveCfg = Debug|Any CPU
		{17A49C3B-B9E5-433D-B9E2-9582B3A858EE}.Debug|x64.Build.0 = Debug|Any CPU
		{17A49C3B-B9E5-433D-B9E2-9582B3A858EE}.Debug|x86.ActiveCfg = Debug|Any CPU
		{17A49C3B-B9E5-433D-B9E2-9582B3A858EE}.Debug|x86.Build.0 = Debug|Any CPU
		{17A49C3B-B9E5-433D-B9E2-9582B3A858EE}.Release|Any CPU.ActiveCfg = Release|Any CPU
		{17A49C3B-B9E5-433D-B9E2-9582B3A858EE}.Release|Any CPU.Build.0 = Release|Any CPU
		{17A49C3B-B9E5-433D-B9E2-9582B3A858EE}.Release|x64.ActiveCfg = Release|Any CPU
		{17A49C3B-B9E5-433D-B9E2-9582B3A858EE}.Release|x64.Build.0 = Release|Any CPU
		{17A49C3B-B9E5-433D-B9E2-9582B3A858EE}.Release|x86.ActiveCfg = Release|Any CPU
		{17A49C3B-B9E5-433D-B9E2-9582B3A858EE}.Release|x86.Build.0 = Release|Any CPU
	EndGlobalSection
	GlobalSection(SolutionProperties) = preSolution
		HideSolutionNode = FALSE
	EndGlobalSection
	GlobalSection(ExtensibilityGlobals) = postSolution
		SolutionGuid = {7D12CD1F-AC36-493B-BEF5-6C657A997AFA}
	EndGlobalSection
EndGlobal
